
Microsoft Visual Studio Solution File, Format Version 12.00
Project("{2150E333-8FDC-42A3-9474-1A3956D46DE8}") = "0.BuildingBlocks", "0.BuildingBlocks", "{9C3CF96F-798B-4AA9-B947-6E44B6C64F10}"
EndProject
Project("{FAE04EC0-301F-11D3-BF4B-00C04F79EFBC}") = "BuildingBlocks.Utils", "src\BuildingBlocks\BuildingBlocks.Utils\BuildingBlocks.Utils.csproj", "{1451FA68-12D2-45FA-A0E0-DD0DBFAE09A9}"
EndProject
Project("{FAE04EC0-301F-11D3-BF4B-00C04F79EFBC}") = "BuildingBlocks.SharedKernel", "src\BuildingBlocks\BuildingBlocks.SharedKernel\BuildingBlocks.SharedKernel.csproj", "{C6C9A901-B3F5-441C-B884-BBEAC2E4DB2D}"
EndProject
Project("{FAE04EC0-301F-11D3-BF4B-00C04F79EFBC}") = "A2I.Core", "src\A2I.Core\A2I.Core.csproj", "{FF75756F-41CB-4229-A47C-34F69D44ACFB}"
EndProject
Project("{FAE04EC0-301F-11D3-BF4B-00C04F79EFBC}") = "A2I.Infrastructure.Database", "src\A2I.Infrastructure.Database\A2I.Infrastructure.Database.csproj", "{6871E8C4-E2D9-4333-9C7D-CF3218E8F48B}"
EndProject
Project("{FAE04EC0-301F-11D3-BF4B-00C04F79EFBC}") = "A2I.WebAPI", "src\A2I.WebAPI\A2I.WebAPI.csproj", "{77CF56C5-5CDB-4164-B35D-048157C275E8}"
EndProject
Project("{FAE04EC0-301F-11D3-BF4B-00C04F79EFBC}") = "A2I.Application", "src\A2I.Application\A2I.Application.csproj", "{A6F78308-DB08-47E4-8706-BCA6390E71EE}"
EndProject
Project("{FAE04EC0-301F-11D3-BF4B-00C04F79EFBC}") = "A2I.Infrastructure", "src\A2I.Infrastructure\A2I.Infrastructure.csproj", "{071A8241-4700-4E92-845B-9602FC3F13BE}"
EndProject
Project("{FAE04EC0-301F-11D3-BF4B-00C04F79EFBC}") = "A2I.Infrastructure.Caching", "src\A2I.Infrastructure.Caching\A2I.Infrastructure.Caching.csproj", "{1315B24E-0FA3-4252-B0AF-417F3A6D92C8}"
EndProject
Project("{2150E333-8FDC-42A3-9474-1A3956D46DE8}") = "3.Infrastructure", "3.Infrastructure", "{FBC38449-7810-43D3-9340-856DFEF1104F}"
EndProject
Project("{2150E333-8FDC-42A3-9474-1A3956D46DE8}") = "2.Application", "2.Application", "{452FFD72-4FA3-4EF9-87AF-3C77227FAC31}"
EndProject
Project("{2150E333-8FDC-42A3-9474-1A3956D46DE8}") = "1.Core", "1.Core", "{AF5BC969-FD97-46AA-9902-7C98FA2C9F64}"
EndProject
Project("{FAE04EC0-301F-11D3-BF4B-00C04F79EFBC}") = "A2I.Infrastructure.Identity", "src\A2I.Infrastructure.Identity\A2I.Infrastructure.Identity.csproj", "{74998992-1DA6-453A-B122-F686AD00CA1F}"
EndProject
Global
	GlobalSection(SolutionConfigurationPlatforms) = preSolution
		Debug|Any CPU = Debug|Any CPU
		Release|Any CPU = Release|Any CPU
	EndGlobalSection
	GlobalSection(NestedProjects) = preSolution
		{1451FA68-12D2-45FA-A0E0-DD0DBFAE09A9} = {9C3CF96F-798B-4AA9-B947-6E44B6C64F10}
		{C6C9A901-B3F5-441C-B884-BBEAC2E4DB2D} = {9C3CF96F-798B-4AA9-B947-6E44B6C64F10}
		{071A8241-4700-4E92-845B-9602FC3F13BE} = {FBC38449-7810-43D3-9340-856DFEF1104F}
		{1315B24E-0FA3-4252-B0AF-417F3A6D92C8} = {FBC38449-7810-43D3-9340-856DFEF1104F}
		{6871E8C4-E2D9-4333-9C7D-CF3218E8F48B} = {FBC38449-7810-43D3-9340-856DFEF1104F}
		{A6F78308-DB08-47E4-8706-BCA6390E71EE} = {452FFD72-4FA3-4EF9-87AF-3C77227FAC31}
		{FF75756F-41CB-4229-A47C-34F69D44ACFB} = {AF5BC969-FD97-46AA-9902-7C98FA2C9F64}
		{74998992-1DA6-453A-B122-F686AD00CA1F} = {FBC38449-7810-43D3-9340-856DFEF1104F}
	EndGlobalSection
	GlobalSection(ProjectConfigurationPlatforms) = postSolution
		{1451FA68-12D2-45FA-A0E0-DD0DBFAE09A9}.Debug|Any CPU.ActiveCfg = Debug|Any CPU
		{1451FA68-12D2-45FA-A0E0-DD0DBFAE09A9}.Debug|Any CPU.Build.0 = Debug|Any CPU
		{1451FA68-12D2-45FA-A0E0-DD0DBFAE09A9}.Release|Any CPU.ActiveCfg = Release|Any CPU
		{1451FA68-12D2-45FA-A0E0-DD0DBFAE09A9}.Release|Any CPU.Build.0 = Release|Any CPU
		{C6C9A901-B3F5-441C-B884-BBEAC2E4DB2D}.Debug|Any CPU.ActiveCfg = Debug|Any CPU
		{C6C9A901-B3F5-441C-B884-BBEAC2E4DB2D}.Debug|Any CPU.Build.0 = Debug|Any CPU
		{C6C9A901-B3F5-441C-B884-BBEAC2E4DB2D}.Release|Any CPU.ActiveCfg = Release|Any CPU
		{C6C9A901-B3F5-441C-B884-BBEAC2E4DB2D}.Release|Any CPU.Build.0 = Release|Any CPU
		{FF75756F-41CB-4229-A47C-34F69D44ACFB}.Debug|Any CPU.ActiveCfg = Debug|Any CPU
		{FF75756F-41CB-4229-A47C-34F69D44ACFB}.Debug|Any CPU.Build.0 = Debug|Any CPU
		{FF75756F-41CB-4229-A47C-34F69D44ACFB}.Release|Any CPU.ActiveCfg = Release|Any CPU
		{FF75756F-41CB-4229-A47C-34F69D44ACFB}.Release|Any CPU.Build.0 = Release|Any CPU
		{6871E8C4-E2D9-4333-9C7D-CF3218E8F48B}.Debug|Any CPU.ActiveCfg = Debug|Any CPU
		{6871E8C4-E2D9-4333-9C7D-CF3218E8F48B}.Debug|Any CPU.Build.0 = Debug|Any CPU
		{6871E8C4-E2D9-4333-9C7D-CF3218E8F48B}.Release|Any CPU.ActiveCfg = Release|Any CPU
		{6871E8C4-E2D9-4333-9C7D-CF3218E8F48B}.Release|Any CPU.Build.0 = Release|Any CPU
		{77CF56C5-5CDB-4164-B35D-048157C275E8}.Debug|Any CPU.ActiveCfg = Debug|Any CPU
		{77CF56C5-5CDB-4164-B35D-048157C275E8}.Debug|Any CPU.Build.0 = Debug|Any CPU
		{77CF56C5-5CDB-4164-B35D-048157C275E8}.Release|Any CPU.ActiveCfg = Release|Any CPU
		{77CF56C5-5CDB-4164-B35D-048157C275E8}.Release|Any CPU.Build.0 = Release|Any CPU
		{A6F78308-DB08-47E4-8706-BCA6390E71EE}.Debug|Any CPU.ActiveCfg = Debug|Any CPU
		{A6F78308-DB08-47E4-8706-BCA6390E71EE}.Debug|Any CPU.Build.0 = Debug|Any CPU
		{A6F78308-DB08-47E4-8706-BCA6390E71EE}.Release|Any CPU.ActiveCfg = Release|Any CPU
		{A6F78308-DB08-47E4-8706-BCA6390E71EE}.Release|Any CPU.Build.0 = Release|Any CPU
		{071A8241-4700-4E92-845B-9602FC3F13BE}.Debug|Any CPU.ActiveCfg = Debug|Any CPU
		{071A8241-4700-4E92-845B-9602FC3F13BE}.Debug|Any CPU.Build.0 = Debug|Any CPU
		{071A8241-4700-4E92-845B-9602FC3F13BE}.Release|Any CPU.ActiveCfg = Release|Any CPU
		{071A8241-4700-4E92-845B-9602FC3F13BE}.Release|Any CPU.Build.0 = Release|Any CPU
		{1315B24E-0FA3-4252-B0AF-417F3A6D92C8}.Debug|Any CPU.ActiveCfg = Debug|Any CPU
		{1315B24E-0FA3-4252-B0AF-417F3A6D92C8}.Debug|Any CPU.Build.0 = Debug|Any CPU
		{1315B24E-0FA3-4252-B0AF-417F3A6D92C8}.Release|Any CPU.ActiveCfg = Release|Any CPU
		{1315B24E-0FA3-4252-B0AF-417F3A6D92C8}.Release|Any CPU.Build.0 = Release|Any CPU
		{74998992-1DA6-453A-B122-F686AD00CA1F}.Debug|Any CPU.ActiveCfg = Debug|Any CPU
		{74998992-1DA6-453A-B122-F686AD00CA1F}.Debug|Any CPU.Build.0 = Debug|Any CPU
		{74998992-1DA6-453A-B122-F686AD00CA1F}.Release|Any CPU.ActiveCfg = Release|Any CPU
		{74998992-1DA6-453A-B122-F686AD00CA1F}.Release|Any CPU.Build.0 = Release|Any CPU
	EndGlobalSection
EndGlobal
